
Microsoft Visual Studio Solution File, Format Version 12.00
# Visual Studio Version 16
VisualStudioVersion = 16.0.30503.244
MinimumVisualStudioVersion = 10.0.40219.1
Project("{FAE04EC0-301F-11D3-BF4B-00C04F79EFBC}") = "ForditoBead", "ForditoBead\ForditoBead.csproj", "{CC8588BC-E4A3-429C-9E68-E0D6C51057B5}"
EndProject
Global
	GlobalSection(SolutionConfigurationPlatforms) = preSolution
		Debug|Any CPU = Debug|Any CPU
		Release|Any CPU = Release|Any CPU
	EndGlobalSection
	GlobalSection(ProjectConfigurationPlatforms) = postSolution
		{CC8588BC-E4A3-429C-9E68-E0D6C51057B5}.Debug|Any CPU.ActiveCfg = Debug|Any CPU
		{CC8588BC-E4A3-429C-9E68-E0D6C51057B5}.Debug|Any CPU.Build.0 = Debug|Any CPU
		{CC8588BC-E4A3-429C-9E68-E0D6C51057B5}.Release|Any CPU.ActiveCfg = Release|Any CPU
		{CC8588BC-E4A3-429C-9E68-E0D6C51057B5}.Release|Any CPU.Build.0 = Release|Any CPU
	EndGlobalSection
	GlobalSection(SolutionProperties) = preSolution
		HideSolutionNode = FALSE
	EndGlobalSection
	GlobalSection(ExtensibilityGlobals) = postSolution
		SolutionGuid = {C29E2039-A2E1-4C69-9D57-9BD51FE49651}
	EndGlobalSection
EndGlobal
